
Microsoft Visual Studio Solution File, Format Version 12.00
# Visual Studio Version 17
VisualStudioVersion = 17.14.37111.16 d17.14
MinimumVisualStudioVersion = 10.0.40219.1
Project("{FAE04EC0-301F-11D3-BF4B-00C04F79EFBC}") = "picode", "picode\picode.csproj", "{B0E612A9-3653-4D3E-8E6D-B4726EA28CF8}"
EndProject
Global
	GlobalSection(SolutionConfigurationPlatforms) = preSolution
		Debug|Any CPU = Debug|Any CPU
		Release|Any CPU = Release|Any CPU
	EndGlobalSection
	GlobalSection(ProjectConfigurationPlatforms) = postSolution
		{B0E612A9-3653-4D3E-8E6D-B4726EA28CF8}.Debug|Any CPU.ActiveCfg = Debug|Any CPU
		{B0E612A9-3653-4D3E-8E6D-B4726EA28CF8}.Debug|Any CPU.Build.0 = Debug|Any CPU
		{B0E612A9-3653-4D3E-8E6D-B4726EA28CF8}.Release|Any CPU.ActiveCfg = Release|Any CPU
		{B0E612A9-3653-4D3E-8E6D-B4726EA28CF8}.Release|Any CPU.Build.0 = Release|Any CPU
	EndGlobalSection
	GlobalSection(SolutionProperties) = preSolution
		HideSolutionNode = FALSE
	EndGlobalSection
	GlobalSection(ExtensibilityGlobals) = postSolution
		SolutionGuid = {70F0676E-C3C5-4662-9F1A-F95937ED84F7}
	EndGlobalSection
EndGlobal
